
Microsoft Visual Studio Solution File, Format Version 12.00
# Visual Studio Version 17
VisualStudioVersion = 17.2.32427.441
MinimumVisualStudioVersion = 10.0.40219.1
Project("{9A19103F-16F7-4668-BE54-9A1E7A4F7556}") = "Demo_Prn211_SE1612_Net", "Demo_Prn211_SE1612_Net\Demo_Prn211_SE1612_Net.csproj", "{B2976712-35B0-4ACD-92C2-E8333019E846}"
EndProject
Project("{9A19103F-16F7-4668-BE54-9A1E7A4F7556}") = "Slot2_3", "Slot2_3\Slot2_3.csproj", "{AC5BA6B5-5F92-4B10-A5F6-6BD87941D30C}"
EndProject
Project("{9A19103F-16F7-4668-BE54-9A1E7A4F7556}") = "Slot5", "Slot5\Slot5.csproj", "{C8611531-0425-4B75-B812-D4642193EA2F}"
EndProject
Project("{FAE04EC0-301F-11D3-BF4B-00C04F79EFBC}") = "Slot6", "Slot6\Slot6.csproj", "{B6372FDF-FB69-4C80-AB99-800B55A48D64}"
EndProject
Global
	GlobalSection(SolutionConfigurationPlatforms) = preSolution
		Debug|Any CPU = Debug|Any CPU
		Release|Any CPU = Release|Any CPU
	EndGlobalSection
	GlobalSection(ProjectConfigurationPlatforms) = postSolution
		{B2976712-35B0-4ACD-92C2-E8333019E846}.Debug|Any CPU.ActiveCfg = Debug|Any CPU
		{B2976712-35B0-4ACD-92C2-E8333019E846}.Debug|Any CPU.Build.0 = Debug|Any CPU
		{B2976712-35B0-4ACD-92C2-E8333019E846}.Release|Any CPU.ActiveCfg = Release|Any CPU
		{B2976712-35B0-4ACD-92C2-E8333019E846}.Release|Any CPU.Build.0 = Release|Any CPU
		{AC5BA6B5-5F92-4B10-A5F6-6BD87941D30C}.Debug|Any CPU.ActiveCfg = Debug|Any CPU
		{AC5BA6B5-5F92-4B10-A5F6-6BD87941D30C}.Debug|Any CPU.Build.0 = Debug|Any CPU
		{AC5BA6B5-5F92-4B10-A5F6-6BD87941D30C}.Release|Any CPU.ActiveCfg = Release|Any CPU
		{AC5BA6B5-5F92-4B10-A5F6-6BD87941D30C}.Release|Any CPU.Build.0 = Release|Any CPU
		{C8611531-0425-4B75-B812-D4642193EA2F}.Debug|Any CPU.ActiveCfg = Debug|Any CPU
		{C8611531-0425-4B75-B812-D4642193EA2F}.Debug|Any CPU.Build.0 = Debug|Any CPU
		{C8611531-0425-4B75-B812-D4642193EA2F}.Release|Any CPU.ActiveCfg = Release|Any CPU
		{C8611531-0425-4B75-B812-D4642193EA2F}.Release|Any CPU.Build.0 = Release|Any CPU
		{B6372FDF-FB69-4C80-AB99-800B55A48D64}.Debug|Any CPU.ActiveCfg = Debug|Any CPU
		{B6372FDF-FB69-4C80-AB99-800B55A48D64}.Debug|Any CPU.Build.0 = Debug|Any CPU
		{B6372FDF-FB69-4C80-AB99-800B55A48D64}.Release|Any CPU.ActiveCfg = Release|Any CPU
		{B6372FDF-FB69-4C80-AB99-800B55A48D64}.Release|Any CPU.Build.0 = Release|Any CPU
	EndGlobalSection
	GlobalSection(SolutionProperties) = preSolution
		HideSolutionNode = FALSE
	EndGlobalSection
	GlobalSection(ExtensibilityGlobals) = postSolution
		SolutionGuid = {001A9B59-6EEE-47F2-821A-9A3975625B95}
	EndGlobalSection
EndGlobal
